
Microsoft Visual Studio Solution File, Format Version 12.00
# Visual Studio Version 17
VisualStudioVersion = 17.2.32630.192
MinimumVisualStudioVersion = 10.0.40219.1
Project("{FAE04EC0-301F-11D3-BF4B-00C04F79EFBC}") = "RecapDemo", "RecapDemo\RecapDemo.csproj", "{E7265806-AFFB-463C-B2C3-501F1A478E0B}"
EndProject
Global
	GlobalSection(SolutionConfigurationPlatforms) = preSolution
		Debug|Any CPU = Debug|Any CPU
		Release|Any CPU = Release|Any CPU
	EndGlobalSection
	GlobalSection(ProjectConfigurationPlatforms) = postSolution
		{E7265806-AFFB-463C-B2C3-501F1A478E0B}.Debug|Any CPU.ActiveCfg = Debug|Any CPU
		{E7265806-AFFB-463C-B2C3-501F1A478E0B}.Debug|Any CPU.Build.0 = Debug|Any CPU
		{E7265806-AFFB-463C-B2C3-501F1A478E0B}.Release|Any CPU.ActiveCfg = Release|Any CPU
		{E7265806-AFFB-463C-B2C3-501F1A478E0B}.Release|Any CPU.Build.0 = Release|Any CPU
	EndGlobalSection
	GlobalSection(SolutionProperties) = preSolution
		HideSolutionNode = FALSE
	EndGlobalSection
	GlobalSection(ExtensibilityGlobals) = postSolution
		SolutionGuid = {93BAA0C2-C754-4CD0-BEC1-E897595C0100}
	EndGlobalSection
EndGlobal
